
Microsoft Visual Studio Solution File, Format Version 12.00
# Visual Studio 15
VisualStudioVersion = 15.0.27703.2042
MinimumVisualStudioVersion = 10.0.40219.1
Project("{FAE04EC0-301F-11D3-BF4B-00C04F79EFBC}") = "Lands.Android", "Lands\Lands.Android\Lands.Android.csproj", "{FE63DDFE-1B07-4793-95F1-A77994693D23}"
EndProject
Project("{FAE04EC0-301F-11D3-BF4B-00C04F79EFBC}") = "Lands.iOS", "Lands\Lands.iOS\Lands.iOS.csproj", "{A2990277-17C1-43D9-A5B8-0BA373163C7E}"
EndProject
Project("{FAE04EC0-301F-11D3-BF4B-00C04F79EFBC}") = "Lands.UWP", "Lands\Lands.UWP\Lands.UWP.csproj", "{EFBB0CEC-ECEB-4DDC-80CD-2D18D48394FA}"
EndProject
Project("{FAE04EC0-301F-11D3-BF4B-00C04F79EFBC}") = "Lands", "Lands\Lands\Lands.csproj", "{02A6BA7C-33EB-46AA-8BA2-999D891E9688}"
EndProject
Global
	GlobalSection(SolutionConfigurationPlatforms) = preSolution
		Ad-Hoc|Any CPU = Ad-Hoc|Any CPU
		Ad-Hoc|ARM = Ad-Hoc|ARM
		Ad-Hoc|iPhone = Ad-Hoc|iPhone
		Ad-Hoc|iPhoneSimulator = Ad-Hoc|iPhoneSimulator
		Ad-Hoc|x64 = Ad-Hoc|x64
		Ad-Hoc|x86 = Ad-Hoc|x86
		AppStore|Any CPU = AppStore|Any CPU
		AppStore|ARM = AppStore|ARM
		AppStore|iPhone = AppStore|iPhone
		AppStore|iPhoneSimulator = AppStore|iPhoneSimulator
		AppStore|x64 = AppStore|x64
		AppStore|x86 = AppStore|x86
		Debug|Any CPU = Debug|Any CPU
		Debug|ARM = Debug|ARM
		Debug|iPhone = Debug|iPhone
		Debug|iPhoneSimulator = Debug|iPhoneSimulator
		Debug|x64 = Debug|x64
		Debug|x86 = Debug|x86
		Release|Any CPU = Release|Any CPU
		Release|ARM = Release|ARM
		Release|iPhone = Release|iPhone
		Release|iPhoneSimulator = Release|iPhoneSimulator
		Release|x64 = Release|x64
		Release|x86 = Release|x86
	EndGlobalSection
	GlobalSection(ProjectConfigurationPlatforms) = postSolution
		{FE63DDFE-1B07-4793-95F1-A77994693D23}.Ad-Hoc|Any CPU.ActiveCfg = Release|Any CPU
		{FE63DDFE-1B07-4793-95F1-A77994693D23}.Ad-Hoc|Any CPU.Build.0 = Release|Any CPU
		{FE63DDFE-1B07-4793-95F1-A77994693D23}.Ad-Hoc|Any CPU.Deploy.0 = Release|Any CPU
		{FE63DDFE-1B07-4793-95F1-A77994693D23}.Ad-Hoc|ARM.ActiveCfg = Release|Any CPU
		{FE63DDFE-1B07-4793-95F1-A77994693D23}.Ad-Hoc|ARM.Build.0 = Release|Any CPU
		{FE63DDFE-1B07-4793-95F1-A77994693D23}.Ad-Hoc|ARM.Deploy.0 = Release|Any CPU
		{FE63DDFE-1B07-4793-95F1-A77994693D23}.Ad-Hoc|iPhone.ActiveCfg = Release|Any CPU
		{FE63DDFE-1B07-4793-95F1-A77994693D23}.Ad-Hoc|iPhone.Build.0 = Release|Any CPU
		{FE63DDFE-1B07-4793-95F1-A77994693D23}.Ad-Hoc|iPhone.Deploy.0 = Release|Any CPU
		{FE63DDFE-1B07-4793-95F1-A77994693D23}.Ad-Hoc|iPhoneSimulator.ActiveCfg = Release|Any CPU
		{FE63DDFE-1B07-4793-95F1-A77994693D23}.Ad-Hoc|iPhoneSimulator.Build.0 = Release|Any CPU
		{FE63DDFE-1B07-4793-95F1-A77994693D23}.Ad-Hoc|iPhoneSimulator.Deploy.0 = Release|Any CPU
		{FE63DDFE-1B07-4793-95F1-A77994693D23}.Ad-Hoc|x64.ActiveCfg = Release|Any CPU
		{FE63DDFE-1B07-4793-95F1-A77994693D23}.Ad-Hoc|x64.Build.0 = Release|Any CPU
		{FE63DDFE-1B07-4793-95F1-A77994693D23}.Ad-Hoc|x64.Deploy.0 = Release|Any CPU
		{FE63DDFE-1B07-4793-95F1-A77994693D23}.Ad-Hoc|x86.ActiveCfg = Release|Any CPU
		{FE63DDFE-1B07-4793-95F1-A77994693D23}.Ad-Hoc|x86.Build.0 = Release|Any CPU
		{FE63DDFE-1B07-4793-95F1-A77994693D23}.Ad-Hoc|x86.Deploy.0 = Release|Any CPU
		{FE63DDFE-1B07-4793-95F1-A77994693D23}.AppStore|Any CPU.ActiveCfg = Release|Any CPU
		{FE63DDFE-1B07-4793-95F1-A77994693D23}.AppStore|Any CPU.Build.0 = Release|Any CPU
		{FE63DDFE-1B07-4793-95F1-A77994693D23}.AppStore|Any CPU.Deploy.0 = Release|Any CPU
		{FE63DDFE-1B07-4793-95F1-A77994693D23}.AppStore|ARM.ActiveCfg = Release|Any CPU
		{FE63DDFE-1B07-4793-95F1-A77994693D23}.AppStore|ARM.Build.0 = Release|Any CPU
		{FE63DDFE-1B07-4793-95F1-A77994693D23}.AppStore|ARM.Deploy.0 = Release|Any CPU
		{FE63DDFE-1B07-4793-95F1-A77994693D23}.AppStore|iPhone.ActiveCfg = Release|Any CPU
		{FE63DDFE-1B07-4793-95F1-A77994693D23}.AppStore|iPhone.Build.0 = Release|Any CPU
		{FE63DDFE-1B07-4793-95F1-A77994693D23}.AppStore|iPhone.Deploy.0 = Release|Any CPU
		{FE63DDFE-1B07-4793-95F1-A77994693D23}.AppStore|iPhoneSimulator.ActiveCfg = Release|Any CPU
		{FE63DDFE-1B07-4793-95F1-A77994693D23}.AppStore|iPhoneSimulator.Build.0 = Release|Any CPU
		{FE63DDFE-1B07-4793-95F1-A77994693D23}.AppStore|iPhoneSimulator.Deploy.0 = Release|Any CPU
		{FE63DDFE-1B07-4793-95F1-A77994693D23}.AppStore|x64.ActiveCfg = Release|Any CPU
		{FE63DDFE-1B07-4793-95F1-A77994693D23}.AppStore|x64.Build.0 = Release|Any CPU
		{FE63DDFE-1B07-4793-95F1-A77994693D23}.AppStore|x64.Deploy.0 = Release|Any CPU
		{FE63DDFE-1B07-4793-95F1-A77994693D23}.AppStore|x86.ActiveCfg = Release|Any CPU
		{FE63DDFE-1B07-4793-95F1-A77994693D23}.AppStore|x86.Build.0 = Release|Any CPU
		{FE63DDFE-1B07-4793-95F1-A77994693D23}.AppStore|x86.Deploy.0 = Release|Any CPU
		{FE63DDFE-1B07-4793-95F1-A77994693D23}.Debug|Any CPU.ActiveCfg = Debug|Any CPU
		{FE63DDFE-1B07-4793-95F1-A77994693D23}.Debug|Any CPU.Build.0 = Debug|Any CPU
		{FE63DDFE-1B07-4793-95F1-A77994693D23}.Debug|Any CPU.Deploy.0 = Debug|Any CPU
		{FE63DDFE-1B07-4793-95F1-A77994693D23}.Debug|ARM.ActiveCfg = Debug|Any CPU
		{FE63DDFE-1B07-4793-95F1-A77994693D23}.Debug|ARM.Build.0 = Debug|Any CPU
		{FE63DDFE-1B07-4793-95F1-A77994693D23}.Debug|ARM.Deploy.0 = Debug|Any CPU
		{FE63DDFE-1B07-4793-95F1-A77994693D23}.Debug|iPhone.ActiveCfg = Debug|Any CPU
		{FE63DDFE-1B07-4793-95F1-A77994693D23}.Debug|iPhone.Build.0 = Debug|Any CPU
		{FE63DDFE-1B07-4793-95F1-A77994693D23}.Debug|iPhone.Deploy.0 = Debug|Any CPU
		{FE63DDFE-1B07-4793-95F1-A77994693D23}.Debug|iPhoneSimulator.ActiveCfg = Debug|Any CPU
		{FE63DDFE-1B07-4793-95F1-A77994693D23}.Debug|iPhoneSimulator.Build.0 = Debug|Any CPU
		{FE63DDFE-1B07-4793-95F1-A77994693D23}.Debug|iPhoneSimulator.Deploy.0 = Debug|Any CPU
		{FE63DDFE-1B07-4793-95F1-A77994693D23}.Debug|x64.ActiveCfg = Debug|Any CPU
		{FE63DDFE-1B07-4793-95F1-A77994693D23}.Debug|x64.Build.0 = Debug|Any CPU
		{FE63DDFE-1B07-4793-95F1-A77994693D23}.Debug|x64.Deploy.0 = Debug|Any CPU
		{FE63DDFE-1B07-4793-95F1-A77994693D23}.Debug|x86.ActiveCfg = Debug|Any CPU
		{FE63DDFE-1B07-4793-95F1-A77994693D23}.Debug|x86.Build.0 = Debug|Any CPU
		{FE63DDFE-1B07-4793-95F1-A77994693D23}.Debug|x86.Deploy.0 = Debug|Any CPU
		{FE63DDFE-1B07-4793-95F1-A77994693D23}.Release|Any CPU.ActiveCfg = Release|Any CPU
		{FE63DDFE-1B07-4793-95F1-A77994693D23}.Release|Any CPU.Build.0 = Release|Any CPU
		{FE63DDFE-1B07-4793-95F1-A77994693D23}.Release|Any CPU.Deploy.0 = Release|Any CPU
		{FE63DDFE-1B07-4793-95F1-A77994693D23}.Release|ARM.ActiveCfg = Release|Any CPU
		{FE63DDFE-1B07-4793-95F1-A77994693D23}.Release|ARM.Build.0 = Release|Any CPU
		{FE63DDFE-1B07-4793-95F1-A77994693D23}.Release|ARM.Deploy.0 = Release|Any CPU
		{FE63DDFE-1B07-4793-95F1-A77994693D23}.Release|iPhone.ActiveCfg = Release|Any CPU
		{FE63DDFE-1B07-4793-95F1-A77994693D23}.Release|iPhone.Build.0 = Release|Any CPU
		{FE63DDFE-1B07-4793-95F1-A77994693D23}.Release|iPhone.Deploy.0 = Release|Any CPU
		{FE63DDFE-1B07-4793-95F1-A77994693D23}.Release|iPhoneSimulator.ActiveCfg = Release|Any CPU
		{FE63DDFE-1B07-4793-95F1-A77994693D23}.Release|iPhoneSimulator.Build.0 = Release|Any CPU
		{FE63DDFE-1B07-4793-95F1-A77994693D23}.Release|iPhoneSimulator.Deploy.0 = Release|Any CPU
		{FE63DDFE-1B07-4793-95F1-A77994693D23}.Release|x64.ActiveCfg = Release|Any CPU
		{FE63DDFE-1B07-4793-95F1-A77994693D23}.Release|x64.Build.0 = Release|Any CPU
		{FE63DDFE-1B07-4793-95F1-A77994693D23}.Release|x64.Deploy.0 = Release|Any CPU
		{FE63DDFE-1B07-4793-95F1-A77994693D23}.Release|x86.ActiveCfg = Release|Any CPU
		{FE63DDFE-1B07-4793-95F1-A77994693D23}.Release|x86.Build.0 = Release|Any CPU
		{FE63DDFE-1B07-4793-95F1-A77994693D23}.Release|x86.Deploy.0 = Release|Any CPU
		{A2990277-17C1-43D9-A5B8-0BA373163C7E}.Ad-Hoc|Any CPU.ActiveCfg = Ad-Hoc|iPhone
		{A2990277-17C1-43D9-A5B8-0BA373163C7E}.Ad-Hoc|Any CPU.Build.0 = Ad-Hoc|iPhone
		{A2990277-17C1-43D9-A5B8-0BA373163C7E}.Ad-Hoc|Any CPU.Deploy.0 = Ad-Hoc|iPhone
		{A2990277-17C1-43D9-A5B8-0BA373163C7E}.Ad-Hoc|ARM.ActiveCfg = Ad-Hoc|iPhone
		{A2990277-17C1-43D9-A5B8-0BA373163C7E}.Ad-Hoc|ARM.Build.0 = Ad-Hoc|iPhone
		{A2990277-17C1-43D9-A5B8-0BA373163C7E}.Ad-Hoc|ARM.Deploy.0 = Ad-Hoc|iPhone
		{A2990277-17C1-43D9-A5B8-0BA373163C7E}.Ad-Hoc|iPhone.ActiveCfg = Ad-Hoc|iPhone
		{A2990277-17C1-43D9-A5B8-0BA373163C7E}.Ad-Hoc|iPhone.Build.0 = Ad-Hoc|iPhone
		{A2990277-17C1-43D9-A5B8-0BA373163C7E}.Ad-Hoc|iPhone.Deploy.0 = Ad-Hoc|iPhone
		{A2990277-17C1-43D9-A5B8-0BA373163C7E}.Ad-Hoc|iPhoneSimulator.ActiveCfg = Ad-Hoc|iPhoneSimulator
		{A2990277-17C1-43D9-A5B8-0BA373163C7E}.Ad-Hoc|iPhoneSimulator.Build.0 = Ad-Hoc|iPhoneSimulator
		{A2990277-17C1-43D9-A5B8-0BA373163C7E}.Ad-Hoc|iPhoneSimulator.Deploy.0 = Ad-Hoc|iPhoneSimulator
		{A2990277-17C1-43D9-A5B8-0BA373163C7E}.Ad-Hoc|x64.ActiveCfg = Ad-Hoc|iPhone
		{A2990277-17C1-43D9-A5B8-0BA373163C7E}.Ad-Hoc|x64.Build.0 = Ad-Hoc|iPhone
		{A2990277-17C1-43D9-A5B8-0BA373163C7E}.Ad-Hoc|x64.Deploy.0 = Ad-Hoc|iPhone
		{A2990277-17C1-43D9-A5B8-0BA373163C7E}.Ad-Hoc|x86.ActiveCfg = Ad-Hoc|iPhone
		{A2990277-17C1-43D9-A5B8-0BA373163C7E}.Ad-Hoc|x86.Build.0 = Ad-Hoc|iPhone
		{A2990277-17C1-43D9-A5B8-0BA373163C7E}.Ad-Hoc|x86.Deploy.0 = Ad-Hoc|iPhone
		{A2990277-17C1-43D9-A5B8-0BA373163C7E}.AppStore|Any CPU.ActiveCfg = AppStore|iPhone
		{A2990277-17C1-43D9-A5B8-0BA373163C7E}.AppStore|Any CPU.Build.0 = AppStore|iPhone
		{A2990277-17C1-43D9-A5B8-0BA373163C7E}.AppStore|Any CPU.Deploy.0 = AppStore|iPhone
		{A2990277-17C1-43D9-A5B8-0BA373163C7E}.AppStore|ARM.ActiveCfg = AppStore|iPhone
		{A2990277-17C1-43D9-A5B8-0BA373163C7E}.AppStore|ARM.Build.0 = AppStore|iPhone
		{A2990277-17C1-43D9-A5B8-0BA373163C7E}.AppStore|ARM.Deploy.0 = AppStore|iPhone
		{A2990277-17C1-43D9-A5B8-0BA373163C7E}.AppStore|iPhone.ActiveCfg = AppStore|iPhone
		{A2990277-17C1-43D9-A5B8-0BA373163C7E}.AppStore|iPhone.Build.0 = AppStore|iPhone
		{A2990277-17C1-43D9-A5B8-0BA373163C7E}.AppStore|iPhone.Deploy.0 = AppStore|iPhone
		{A2990277-17C1-43D9-A5B8-0BA373163C7E}.AppStore|iPhoneSimulator.ActiveCfg = AppStore|iPhoneSimulator
		{A2990277-17C1-43D9-A5B8-0BA373163C7E}.AppStore|iPhoneSimulator.Build.0 = AppStore|iPhoneSimulator
		{A2990277-17C1-43D9-A5B8-0BA373163C7E}.AppStore|iPhoneSimulator.Deploy.0 = AppStore|iPhoneSimulator
		{A2990277-17C1-43D9-A5B8-0BA373163C7E}.AppStore|x64.ActiveCfg = AppStore|iPhone
		{A2990277-17C1-43D9-A5B8-0BA373163C7E}.AppStore|x64.Build.0 = AppStore|iPhone
		{A2990277-17C1-43D9-A5B8-0BA373163C7E}.AppStore|x64.Deploy.0 = AppStore|iPhone
		{A2990277-17C1-43D9-A5B8-0BA373163C7E}.AppStore|x86.ActiveCfg = AppStore|iPhone
		{A2990277-17C1-43D9-A5B8-0BA373163C7E}.AppStore|x86.Build.0 = AppStore|iPhone
		{A2990277-17C1-43D9-A5B8-0BA373163C7E}.AppStore|x86.Deploy.0 = AppStore|iPhone
		{A2990277-17C1-43D9-A5B8-0BA373163C7E}.Debug|Any CPU.ActiveCfg = Debug|iPhoneSimulator
		{A2990277-17C1-43D9-A5B8-0BA373163C7E}.Debug|Any CPU.Build.0 = Debug|iPhoneSimulator
		{A2990277-17C1-43D9-A5B8-0BA373163C7E}.Debug|Any CPU.Deploy.0 = Debug|iPhoneSimulator
		{A2990277-17C1-43D9-A5B8-0BA373163C7E}.Debug|ARM.ActiveCfg = Debug|iPhone
		{A2990277-17C1-43D9-A5B8-0BA373163C7E}.Debug|ARM.Build.0 = Debug|iPhone
		{A2990277-17C1-43D9-A5B8-0BA373163C7E}.Debug|ARM.Deploy.0 = Debug|iPhone
		{A2990277-17C1-43D9-A5B8-0BA373163C7E}.Debug|iPhone.ActiveCfg = Debug|iPhone
		{A2990277-17C1-43D9-A5B8-0BA373163C7E}.Debug|iPhone.Build.0 = Debug|iPhone
		{A2990277-17C1-43D9-A5B8-0BA373163C7E}.Debug|iPhone.Deploy.0 = Debug|iPhone
		{A2990277-17C1-43D9-A5B8-0BA373163C7E}.Debug|iPhoneSimulator.ActiveCfg = Debug|iPhoneSimulator
		{A2990277-17C1-43D9-A5B8-0BA373163C7E}.Debug|iPhoneSimulator.Build.0 = Debug|iPhoneSimulator
		{A2990277-17C1-43D9-A5B8-0BA373163C7E}.Debug|iPhoneSimulator.Deploy.0 = Debug|iPhoneSimulator
		{A2990277-17C1-43D9-A5B8-0BA373163C7E}.Debug|x64.ActiveCfg = Debug|iPhone
		{A2990277-17C1-43D9-A5B8-0BA373163C7E}.Debug|x64.Build.0 = Debug|iPhone
		{A2990277-17C1-43D9-A5B8-0BA373163C7E}.Debug|x64.Deploy.0 = Debug|iPhone
		{A2990277-17C1-43D9-A5B8-0BA373163C7E}.Debug|x86.ActiveCfg = Debug|iPhone
		{A2990277-17C1-43D9-A5B8-0BA373163C7E}.Debug|x86.Build.0 = Debug|iPhone
		{A2990277-17C1-43D9-A5B8-0BA373163C7E}.Debug|x86.Deploy.0 = Debug|iPhone
		{A2990277-17C1-43D9-A5B8-0BA373163C7E}.Release|Any CPU.ActiveCfg = Release|iPhone
		{A2990277-17C1-43D9-A5B8-0BA373163C7E}.Release|Any CPU.Build.0 = Release|iPhone
		{A2990277-17C1-43D9-A5B8-0BA373163C7E}.Release|Any CPU.Deploy.0 = Release|iPhone
		{A2990277-17C1-43D9-A5B8-0BA373163C7E}.Release|ARM.ActiveCfg = Release|iPhone
		{A2990277-17C1-43D9-A5B8-0BA373163C7E}.Release|ARM.Build.0 = Release|iPhone
		{A2990277-17C1-43D9-A5B8-0BA373163C7E}.Release|ARM.Deploy.0 = Release|iPhone
		{A2990277-17C1-43D9-A5B8-0BA373163C7E}.Release|iPhone.ActiveCfg = Release|iPhone
		{A2990277-17C1-43D9-A5B8-0BA373163C7E}.Release|iPhone.Build.0 = Release|iPhone
		{A2990277-17C1-43D9-A5B8-0BA373163C7E}.Release|iPhone.Deploy.0 = Release|iPhone
		{A2990277-17C1-43D9-A5B8-0BA373163C7E}.Release|iPhoneSimulator.ActiveCfg = Release|iPhoneSimulator
		{A2990277-17C1-43D9-A5B8-0BA373163C7E}.Release|iPhoneSimulator.Build.0 = Release|iPhoneSimulator
		{A2990277-17C1-43D9-A5B8-0BA373163C7E}.Release|iPhoneSimulator.Deploy.0 = Release|iPhoneSimulator
		{A2990277-17C1-43D9-A5B8-0BA373163C7E}.Release|x64.ActiveCfg = Release|iPhone
		{A2990277-17C1-43D9-A5B8-0BA373163C7E}.Release|x64.Build.0 = Release|iPhone
		{A2990277-17C1-43D9-A5B8-0BA373163C7E}.Release|x64.Deploy.0 = Release|iPhone
		{A2990277-17C1-43D9-A5B8-0BA373163C7E}.Release|x86.ActiveCfg = Release|iPhone
		{A2990277-17C1-43D9-A5B8-0BA373163C7E}.Release|x86.Build.0 = Release|iPhone
		{A2990277-17C1-43D9-A5B8-0BA373163C7E}.Release|x86.Deploy.0 = Release|iPhone
		{EFBB0CEC-ECEB-4DDC-80CD-2D18D48394FA}.Ad-Hoc|Any CPU.ActiveCfg = Release|x86
		{EFBB0CEC-ECEB-4DDC-80CD-2D18D48394FA}.Ad-Hoc|Any CPU.Build.0 = Release|x86
		{EFBB0CEC-ECEB-4DDC-80CD-2D18D48394FA}.Ad-Hoc|Any CPU.Deploy.0 = Release|x86
		{EFBB0CEC-ECEB-4DDC-80CD-2D18D48394FA}.Ad-Hoc|ARM.ActiveCfg = Release|ARM
		{EFBB0CEC-ECEB-4DDC-80CD-2D18D48394FA}.Ad-Hoc|ARM.Build.0 = Release|ARM
		{EFBB0CEC-ECEB-4DDC-80CD-2D18D48394FA}.Ad-Hoc|ARM.Deploy.0 = Release|ARM
		{EFBB0CEC-ECEB-4DDC-80CD-2D18D48394FA}.Ad-Hoc|iPhone.ActiveCfg = Release|x86
		{EFBB0CEC-ECEB-4DDC-80CD-2D18D48394FA}.Ad-Hoc|iPhone.Build.0 = Release|x86
		{EFBB0CEC-ECEB-4DDC-80CD-2D18D48394FA}.Ad-Hoc|iPhone.Deploy.0 = Release|x86
		{EFBB0CEC-ECEB-4DDC-80CD-2D18D48394FA}.Ad-Hoc|iPhoneSimulator.ActiveCfg = Release|x86
		{EFBB0CEC-ECEB-4DDC-80CD-2D18D48394FA}.Ad-Hoc|iPhoneSimulator.Build.0 = Release|x86
		{EFBB0CEC-ECEB-4DDC-80CD-2D18D48394FA}.Ad-Hoc|iPhoneSimulator.Deploy.0 = Release|x86
		{EFBB0CEC-ECEB-4DDC-80CD-2D18D48394FA}.Ad-Hoc|x64.ActiveCfg = Release|x64
		{EFBB0CEC-ECEB-4DDC-80CD-2D18D48394FA}.Ad-Hoc|x64.Build.0 = Release|x64
		{EFBB0CEC-ECEB-4DDC-80CD-2D18D48394FA}.Ad-Hoc|x64.Deploy.0 = Release|x64
		{EFBB0CEC-ECEB-4DDC-80CD-2D18D48394FA}.Ad-Hoc|x86.ActiveCfg = Release|x86
		{EFBB0CEC-ECEB-4DDC-80CD-2D18D48394FA}.Ad-Hoc|x86.Build.0 = Release|x86
		{EFBB0CEC-ECEB-4DDC-80CD-2D18D48394FA}.Ad-Hoc|x86.Deploy.0 = Release|x86
		{EFBB0CEC-ECEB-4DDC-80CD-2D18D48394FA}.AppStore|Any CPU.ActiveCfg = Release|x86
		{EFBB0CEC-ECEB-4DDC-80CD-2D18D48394FA}.AppStore|Any CPU.Build.0 = Release|x86
		{EFBB0CEC-ECEB-4DDC-80CD-2D18D48394FA}.AppStore|Any CPU.Deploy.0 = Release|x86
		{EFBB0CEC-ECEB-4DDC-80CD-2D18D48394FA}.AppStore|ARM.ActiveCfg = Release|ARM
		{EFBB0CEC-ECEB-4DDC-80CD-2D18D48394FA}.AppStore|ARM.Build.0 = Release|ARM
		{EFBB0CEC-ECEB-4DDC-80CD-2D18D48394FA}.AppStore|ARM.Deploy.0 = Release|ARM
		{EFBB0CEC-ECEB-4DDC-80CD-2D18D48394FA}.AppStore|iPhone.ActiveCfg = Release|x86
		{EFBB0CEC-ECEB-4DDC-80CD-2D18D48394FA}.AppStore|iPhone.Build.0 = Release|x86
		{EFBB0CEC-ECEB-4DDC-80CD-2D18D48394FA}.AppStore|iPhone.Deploy.0 = Release|x86
		{EFBB0CEC-ECEB-4DDC-80CD-2D18D48394FA}.AppStore|iPhoneSimulator.ActiveCfg = Release|x86
		{EFBB0CEC-ECEB-4DDC-80CD-2D18D48394FA}.AppStore|iPhoneSimulator.Build.0 = Release|x86
		{EFBB0CEC-ECEB-4DDC-80CD-2D18D48394FA}.AppStore|iPhoneSimulator.Deploy.0 = Release|x86
		{EFBB0CEC-ECEB-4DDC-80CD-2D18D48394FA}.AppStore|x64.ActiveCfg = Release|x64
		{EFBB0CEC-ECEB-4DDC-80CD-2D18D48394FA}.AppStore|x64.Build.0 = Release|x64
		{EFBB0CEC-ECEB-4DDC-80CD-2D18D48394FA}.AppStore|x64.Deploy.0 = Release|x64
		{EFBB0CEC-ECEB-4DDC-80CD-2D18D48394FA}.AppStore|x86.ActiveCfg = Release|x86
		{EFBB0CEC-ECEB-4DDC-80CD-2D18D48394FA}.AppStore|x86.Build.0 = Release|x86
		{EFBB0CEC-ECEB-4DDC-80CD-2D18D48394FA}.AppStore|x86.Deploy.0 = Release|x86
		{EFBB0CEC-ECEB-4DDC-80CD-2D18D48394FA}.Debug|Any CPU.ActiveCfg = Debug|x86
		{EFBB0CEC-ECEB-4DDC-80CD-2D18D48394FA}.Debug|Any CPU.Build.0 = Debug|x86
		{EFBB0CEC-ECEB-4DDC-80CD-2D18D48394FA}.Debug|Any CPU.Deploy.0 = Debug|x86
		{EFBB0CEC-ECEB-4DDC-80CD-2D18D48394FA}.Debug|ARM.ActiveCfg = Debug|ARM
		{EFBB0CEC-ECEB-4DDC-80CD-2D18D48394FA}.Debug|ARM.Build.0 = Debug|ARM
		{EFBB0CEC-ECEB-4DDC-80CD-2D18D48394FA}.Debug|ARM.Deploy.0 = Debug|ARM
		{EFBB0CEC-ECEB-4DDC-80CD-2D18D48394FA}.Debug|iPhone.ActiveCfg = Debug|x86
		{EFBB0CEC-ECEB-4DDC-80CD-2D18D48394FA}.Debug|iPhone.Build.0 = Debug|x86
		{EFBB0CEC-ECEB-4DDC-80CD-2D18D48394FA}.Debug|iPhone.Deploy.0 = Debug|x86
		{EFBB0CEC-ECEB-4DDC-80CD-2D18D48394FA}.Debug|iPhoneSimulator.ActiveCfg = Debug|x86
		{EFBB0CEC-ECEB-4DDC-80CD-2D18D48394FA}.Debug|iPhoneSimulator.Build.0 = Debug|x86
		{EFBB0CEC-ECEB-4DDC-80CD-2D18D48394FA}.Debug|iPhoneSimulator.Deploy.0 = Debug|x86
		{EFBB0CEC-ECEB-4DDC-80CD-2D18D48394FA}.Debug|x64.ActiveCfg = Debug|x64
		{EFBB0CEC-ECEB-4DDC-80CD-2D18D48394FA}.Debug|x64.Build.0 = Debug|x64
		{EFBB0CEC-ECEB-4DDC-80CD-2D18D48394FA}.Debug|x64.Deploy.0 = Debug|x64
		{EFBB0CEC-ECEB-4DDC-80CD-2D18D48394FA}.Debug|x86.ActiveCfg = Debug|x86
		{EFBB0CEC-ECEB-4DDC-80CD-2D18D48394FA}.Debug|x86.Build.0 = Debug|x86
		{EFBB0CEC-ECEB-4DDC-80CD-2D18D48394FA}.Debug|x86.Deploy.0 = Debug|x86
		{EFBB0CEC-ECEB-4DDC-80CD-2D18D48394FA}.Release|Any CPU.ActiveCfg = Release|x86
		{EFBB0CEC-ECEB-4DDC-80CD-2D18D48394FA}.Release|Any CPU.Build.0 = Release|x86
		{EFBB0CEC-ECEB-4DDC-80CD-2D18D48394FA}.Release|Any CPU.Deploy.0 = Release|x86
		{EFBB0CEC-ECEB-4DDC-80CD-2D18D48394FA}.Release|ARM.ActiveCfg = Release|ARM
		{EFBB0CEC-ECEB-4DDC-80CD-2D18D48394FA}.Release|ARM.Build.0 = Release|ARM
		{EFBB0CEC-ECEB-4DDC-80CD-2D18D48394FA}.Release|ARM.Deploy.0 = Release|ARM
		{EFBB0CEC-ECEB-4DDC-80CD-2D18D48394FA}.Release|iPhone.ActiveCfg = Release|x86
		{EFBB0CEC-ECEB-4DDC-80CD-2D18D48394FA}.Release|iPhone.Build.0 = Release|x86
		{EFBB0CEC-ECEB-4DDC-80CD-2D18D48394FA}.Release|iPhone.Deploy.0 = Release|x86
		{EFBB0CEC-ECEB-4DDC-80CD-2D18D48394FA}.Release|iPhoneSimulator.ActiveCfg = Release|x86
		{EFBB0CEC-ECEB-4DDC-80CD-2D18D48394FA}.Release|iPhoneSimulator.Build.0 = Release|x86
		{EFBB0CEC-ECEB-4DDC-80CD-2D18D48394FA}.Release|iPhoneSimulator.Deploy.0 = Release|x86
		{EFBB0CEC-ECEB-4DDC-80CD-2D18D48394FA}.Release|x64.ActiveCfg = Release|x64
		{EFBB0CEC-ECEB-4DDC-80CD-2D18D48394FA}.Release|x64.Build.0 = Release|x64
		{EFBB0CEC-ECEB-4DDC-80CD-2D18D48394FA}.Release|x64.Deploy.0 = Release|x64
		{EFBB0CEC-ECEB-4DDC-80CD-2D18D48394FA}.Release|x86.ActiveCfg = Release|x86
		{EFBB0CEC-ECEB-4DDC-80CD-2D18D48394FA}.Release|x86.Build.0 = Release|x86
		{EFBB0CEC-ECEB-4DDC-80CD-2D18D48394FA}.Release|x86.Deploy.0 = Release|x86
		{02A6BA7C-33EB-46AA-8BA2-999D891E9688}.Ad-Hoc|Any CPU.ActiveCfg = Debug|Any CPU
		{02A6BA7C-33EB-46AA-8BA2-999D891E9688}.Ad-Hoc|Any CPU.Build.0 = Debug|Any CPU
		{02A6BA7C-33EB-46AA-8BA2-999D891E9688}.Ad-Hoc|Any CPU.Deploy.0 = Debug|Any CPU
		{02A6BA7C-33EB-46AA-8BA2-999D891E9688}.Ad-Hoc|ARM.ActiveCfg = Debug|Any CPU
		{02A6BA7C-33EB-46AA-8BA2-999D891E9688}.Ad-Hoc|ARM.Build.0 = Debug|Any CPU
		{02A6BA7C-33EB-46AA-8BA2-999D891E9688}.Ad-Hoc|ARM.Deploy.0 = Debug|Any CPU
		{02A6BA7C-33EB-46AA-8BA2-999D891E9688}.Ad-Hoc|iPhone.ActiveCfg = Debug|Any CPU
		{02A6BA7C-33EB-46AA-8BA2-999D891E9688}.Ad-Hoc|iPhone.Build.0 = Debug|Any CPU
		{02A6BA7C-33EB-46AA-8BA2-999D891E9688}.Ad-Hoc|iPhone.Deploy.0 = Debug|Any CPU
		{02A6BA7C-33EB-46AA-8BA2-999D891E9688}.Ad-Hoc|iPhoneSimulator.ActiveCfg = Debug|Any CPU
		{02A6BA7C-33EB-46AA-8BA2-999D891E9688}.Ad-Hoc|iPhoneSimulator.Build.0 = Debug|Any CPU
		{02A6BA7C-33EB-46AA-8BA2-999D891E9688}.Ad-Hoc|iPhoneSimulator.Deploy.0 = Debug|Any CPU
		{02A6BA7C-33EB-46AA-8BA2-999D891E9688}.Ad-Hoc|x64.ActiveCfg = Debug|Any CPU
		{02A6BA7C-33EB-46AA-8BA2-999D891E9688}.Ad-Hoc|x64.Build.0 = Debug|Any CPU
		{02A6BA7C-33EB-46AA-8BA2-999D891E9688}.Ad-Hoc|x64.Deploy.0 = Debug|Any CPU
		{02A6BA7C-33EB-46AA-8BA2-999D891E9688}.Ad-Hoc|x86.ActiveCfg = Debug|Any CPU
		{02A6BA7C-33EB-46AA-8BA2-999D891E9688}.Ad-Hoc|x86.Build.0 = Debug|Any CPU
		{02A6BA7C-33EB-46AA-8BA2-999D891E9688}.Ad-Hoc|x86.Deploy.0 = Debug|Any CPU
		{02A6BA7C-33EB-46AA-8BA2-999D891E9688}.AppStore|Any CPU.ActiveCfg = Debug|Any CPU
		{02A6BA7C-33EB-46AA-8BA2-999D891E9688}.AppStore|Any CPU.Build.0 = Debug|Any CPU
		{02A6BA7C-33EB-46AA-8BA2-999D891E9688}.AppStore|Any CPU.Deploy.0 = Debug|Any CPU
		{02A6BA7C-33EB-46AA-8BA2-999D891E9688}.AppStore|ARM.ActiveCfg = Debug|Any CPU
		{02A6BA7C-33EB-46AA-8BA2-999D891E9688}.AppStore|ARM.Build.0 = Debug|Any CPU
		{02A6BA7C-33EB-46AA-8BA2-999D891E9688}.AppStore|ARM.Deploy.0 = Debug|Any CPU
		{02A6BA7C-33EB-46AA-8BA2-999D891E9688}.AppStore|iPhone.ActiveCfg = Debug|Any CPU
		{02A6BA7C-33EB-46AA-8BA2-999D891E9688}.AppStore|iPhone.Build.0 = Debug|Any CPU
		{02A6BA7C-33EB-46AA-8BA2-999D891E9688}.AppStore|iPhone.Deploy.0 = Debug|Any CPU
		{02A6BA7C-33EB-46AA-8BA2-999D891E9688}.AppStore|iPhoneSimulator.ActiveCfg = Debug|Any CPU
		{02A6BA7C-33EB-46AA-8BA2-999D891E9688}.AppStore|iPhoneSimulator.Build.0 = Debug|Any CPU
		{02A6BA7C-33EB-46AA-8BA2-999D891E9688}.AppStore|iPhoneSimulator.Deploy.0 = Debug|Any CPU
		{02A6BA7C-33EB-46AA-8BA2-999D891E9688}.AppStore|x64.ActiveCfg = Debug|Any CPU
		{02A6BA7C-33EB-46AA-8BA2-999D891E9688}.AppStore|x64.Build.0 = Debug|Any CPU
		{02A6BA7C-33EB-46AA-8BA2-999D891E9688}.AppStore|x64.Deploy.0 = Debug|Any CPU
		{02A6BA7C-33EB-46AA-8BA2-999D891E9688}.AppStore|x86.ActiveCfg = Debug|Any CPU
		{02A6BA7C-33EB-46AA-8BA2-999D891E9688}.AppStore|x86.Build.0 = Debug|Any CPU
		{02A6BA7C-33EB-46AA-8BA2-999D891E9688}.AppStore|x86.Deploy.0 = Debug|Any CPU
		{02A6BA7C-33EB-46AA-8BA2-999D891E9688}.Debug|Any CPU.ActiveCfg = Debug|Any CPU
		{02A6BA7C-33EB-46AA-8BA2-999D891E9688}.Debug|Any CPU.Build.0 = Debug|Any CPU
		{02A6BA7C-33EB-46AA-8BA2-999D891E9688}.Debug|Any CPU.Deploy.0 = Debug|Any CPU
		{02A6BA7C-33EB-46AA-8BA2-999D891E9688}.Debug|ARM.ActiveCfg = Debug|Any CPU
		{02A6BA7C-33EB-46AA-8BA2-999D891E9688}.Debug|ARM.Build.0 = Debug|Any CPU
		{02A6BA7C-33EB-46AA-8BA2-999D891E9688}.Debug|ARM.Deploy.0 = Debug|Any CPU
		{02A6BA7C-33EB-46AA-8BA2-999D891E9688}.Debug|iPhone.ActiveCfg = Debug|Any CPU
		{02A6BA7C-33EB-46AA-8BA2-999D891E9688}.Debug|iPhone.Build.0 = Debug|Any CPU
		{02A6BA7C-33EB-46AA-8BA2-999D891E9688}.Debug|iPhone.Deploy.0 = Debug|Any CPU
		{02A6BA7C-33EB-46AA-8BA2-999D891E9688}.Debug|iPhoneSimulator.ActiveCfg = Debug|Any CPU
		{02A6BA7C-33EB-46AA-8BA2-999D891E9688}.Debug|iPhoneSimulator.Build.0 = Debug|Any CPU
		{02A6BA7C-33EB-46AA-8BA2-999D891E9688}.Debug|iPhoneSimulator.Deploy.0 = Debug|Any CPU
		{02A6BA7C-33EB-46AA-8BA2-999D891E9688}.Debug|x64.ActiveCfg = Debug|Any CPU
		{02A6BA7C-33EB-46AA-8BA2-999D891E9688}.Debug|x64.Build.0 = Debug|Any CPU
		{02A6BA7C-33EB-46AA-8BA2-999D891E9688}.Debug|x64.Deploy.0 = Debug|Any CPU
		{02A6BA7C-33EB-46AA-8BA2-999D891E9688}.Debug|x86.ActiveCfg = Debug|Any CPU
		{02A6BA7C-33EB-46AA-8BA2-999D891E9688}.Debug|x86.Build.0 = Debug|Any CPU
		{02A6BA7C-33EB-46AA-8BA2-999D891E9688}.Debug|x86.Deploy.0 = Debug|Any CPU
		{02A6BA7C-33EB-46AA-8BA2-999D891E9688}.Release|Any CPU.ActiveCfg = Release|Any CPU
		{02A6BA7C-33EB-46AA-8BA2-999D891E9688}.Release|Any CPU.Build.0 = Release|Any CPU
		{02A6BA7C-33EB-46AA-8BA2-999D891E9688}.Release|Any CPU.Deploy.0 = Release|Any CPU
		{02A6BA7C-33EB-46AA-8BA2-999D891E9688}.Release|ARM.ActiveCfg = Release|Any CPU
		{02A6BA7C-33EB-46AA-8BA2-999D891E9688}.Release|ARM.Build.0 = Release|Any CPU
		{02A6BA7C-33EB-46AA-8BA2-999D891E9688}.Release|ARM.Deploy.0 = Release|Any CPU
		{02A6BA7C-33EB-46AA-8BA2-999D891E9688}.Release|iPhone.ActiveCfg = Release|Any CPU
		{02A6BA7C-33EB-46AA-8BA2-999D891E9688}.Release|iPhone.Build.0 = Release|Any CPU
		{02A6BA7C-33EB-46AA-8BA2-999D891E9688}.Release|iPhone.Deploy.0 = Release|Any CPU
		{02A6BA7C-33EB-46AA-8BA2-999D891E9688}.Release|iPhoneSimulator.ActiveCfg = Release|Any CPU
		{02A6BA7C-33EB-46AA-8BA2-999D891E9688}.Release|iPhoneSimulator.Build.0 = Release|Any CPU
		{02A6BA7C-33EB-46AA-8BA2-999D891E9688}.Release|iPhoneSimulator.Deploy.0 = Release|Any CPU
		{02A6BA7C-33EB-46AA-8BA2-999D891E9688}.Release|x64.ActiveCfg = Release|Any CPU
		{02A6BA7C-33EB-46AA-8BA2-999D891E9688}.Release|x64.Build.0 = Release|Any CPU
		{02A6BA7C-33EB-46AA-8BA2-999D891E9688}.Release|x64.Deploy.0 = Release|Any CPU
		{02A6BA7C-33EB-46AA-8BA2-999D891E9688}.Release|x86.ActiveCfg = Release|Any CPU
		{02A6BA7C-33EB-46AA-8BA2-999D891E9688}.Release|x86.Build.0 = Release|Any CPU
		{02A6BA7C-33EB-46AA-8BA2-999D891E9688}.Release|x86.Deploy.0 = Release|Any CPU
	EndGlobalSection
	GlobalSection(SolutionProperties) = preSolution
		HideSolutionNode = FALSE
	EndGlobalSection
	GlobalSection(ExtensibilityGlobals) = postSolution
		SolutionGuid = {8762CEBC-DD95-4BA8-A82A-3800E68CC1F1}
	EndGlobalSection
EndGlobal
